{
    "version": 3,
    "terraform_version": "0.11.14",
    "serial": 4,
    "lineage": "badfe9c2-9961-3f8a-a907-850cb2f3e776",
    "modules": [
        {
            "path": [
                "root"
            ],
            "outputs": {},
            "resources": {
                "aws_db_instance.default": {
                    "type": "aws_db_instance",
                    "depends_on": [
                        "aws_db_subnet_group.db",
                        "aws_security_group.db"
                    ],
                    "primary": {
                        "id": "dbname",
                        "attributes": {
                            "address": "dbname.c46uh1khqjik.us-east-2.rds.amazonaws.com",
                            "allocated_storage": "20",
                            "arn": "arn:aws:rds:us-east-2:391422343529:db:dbname",
                            "auto_minor_version_upgrade": "true",
                            "availability_zone": "us-east-2c",
                            "backup_retention_period": "0",
                            "backup_window": "08:42-09:12",
                            "ca_cert_identifier": "rds-ca-2019",
                            "copy_tags_to_snapshot": "false",
                            "db_subnet_group_name": "db",
                            "delete_automated_backups": "true",
                            "deletion_protection": "false",
                            "domain": "",
                            "domain_iam_role_name": "",
                            "enabled_cloudwatch_logs_exports.#": "0",
                            "endpoint": "dbname.c46uh1khqjik.us-east-2.rds.amazonaws.com:3306",
                            "engine": "mysql",
                            "engine_version": "5.7.26",
                            "hosted_zone_id": "Z2XHWR1WZ565X2",
                            "iam_database_authentication_enabled": "false",
                            "id": "dbname",
                            "identifier": "dbname",
                            "instance_class": "db.t2.micro",
                            "iops": "0",
                            "kms_key_id": "",
                            "license_model": "general-public-license",
                            "maintenance_window": "wed:07:47-wed:08:17",
                            "max_allocated_storage": "0",
                            "monitoring_interval": "0",
                            "monitoring_role_arn": "",
                            "multi_az": "false",
                            "name": "mydb",
                            "option_group_name": "default:mysql-5-7",
                            "parameter_group_name": "default.mysql5.7",
                            "password": "foobarbaz",
                            "performance_insights_enabled": "false",
                            "performance_insights_kms_key_id": "",
                            "performance_insights_retention_period": "0",
                            "port": "3306",
                            "publicly_accessible": "true",
                            "replicas.#": "0",
                            "replicate_source_db": "",
                            "resource_id": "db-CQSCFEDTABORNMZER4P7WQTQMM",
                            "security_group_names.#": "0",
                            "skip_final_snapshot": "true",
                            "status": "available",
                            "storage_encrypted": "false",
                            "storage_type": "gp2",
                            "tags.%": "0",
                            "timezone": "",
                            "username": "foo",
                            "vpc_security_group_ids.#": "1",
                            "vpc_security_group_ids.3041132344": "sg-0dd94b56a095ea1a9"
                        },
                        "meta": {
                            "e2bfb730-ecaa-11e6-8f88-34363bc7c4c0": {
                                "create": 2400000000000,
                                "delete": 2400000000000,
                                "update": 4800000000000
                            },
                            "schema_version": "1"
                        },
                        "tainted": false
                    },
                    "deposed": [],
                    "provider": "provider.aws"
                },
                "aws_db_subnet_group.db": {
                    "type": "aws_db_subnet_group",
                    "depends_on": [],
                    "primary": {
                        "id": "db",
                        "attributes": {
                            "arn": "arn:aws:rds:us-east-2:391422343529:subgrp:db",
                            "description": "Managed by Terraform",
                            "id": "db",
                            "name": "db",
                            "subnet_ids.#": "3",
                            "subnet_ids.3723534404": "subnet-044e8e1d5ba49cc04",
                            "subnet_ids.4044077926": "subnet-0955da5a83cb44ffe",
                            "subnet_ids.949140493": "subnet-09cbf29b3f876411c",
                            "tags.%": "0"
                        },
                        "meta": {},
                        "tainted": false
                    },
                    "deposed": [],
                    "provider": "provider.aws"
                },
                "aws_security_group.db": {
                    "type": "aws_security_group",
                    "depends_on": [],
                    "primary": {
                        "id": "sg-0dd94b56a095ea1a9",
                        "attributes": {
                            "arn": "arn:aws:ec2:us-east-2:391422343529:security-group/sg-0dd94b56a095ea1a9",
                            "description": "Allow Mysql traffic",
                            "egress.#": "1",
                            "egress.482069346.cidr_blocks.#": "1",
                            "egress.482069346.cidr_blocks.0": "0.0.0.0/0",
                            "egress.482069346.description": "",
                            "egress.482069346.from_port": "0",
                            "egress.482069346.ipv6_cidr_blocks.#": "0",
                            "egress.482069346.prefix_list_ids.#": "0",
                            "egress.482069346.protocol": "-1",
                            "egress.482069346.security_groups.#": "0",
                            "egress.482069346.self": "false",
                            "egress.482069346.to_port": "0",
                            "id": "sg-0dd94b56a095ea1a9",
                            "ingress.#": "1",
                            "ingress.1833103227.cidr_blocks.#": "1",
                            "ingress.1833103227.cidr_blocks.0": "0.0.0.0/0",
                            "ingress.1833103227.description": "Allow mysql",
                            "ingress.1833103227.from_port": "3306",
                            "ingress.1833103227.ipv6_cidr_blocks.#": "0",
                            "ingress.1833103227.prefix_list_ids.#": "0",
                            "ingress.1833103227.protocol": "tcp",
                            "ingress.1833103227.security_groups.#": "0",
                            "ingress.1833103227.self": "false",
                            "ingress.1833103227.to_port": "3306",
                            "name": "db",
                            "owner_id": "391422343529",
                            "revoke_rules_on_delete": "false",
                            "tags.%": "0",
                            "vpc_id": "vpc-018078b29ef773aa5"
                        },
                        "meta": {
                            "e2bfb730-ecaa-11e6-8f88-34363bc7c4c0": {
                                "create": 600000000000,
                                "delete": 600000000000
                            },
                            "schema_version": "1"
                        },
                        "tainted": false
                    },
                    "deposed": [],
                    "provider": "provider.aws"
                }
            },
            "depends_on": []
        }
    ]
}
